
Microsoft Visual Studio Solution File, Format Version 12.00
# Visual Studio 15
VisualStudioVersion = 15.0.27703.2026
MinimumVisualStudioVersion = 10.0.40219.1
Project("{FAE04EC0-301F-11D3-BF4B-00C04F79EFBC}") = "Mp3Player", "Mp3Player\Mp3Player.csproj", "{9A9C1671-128C-480D-9059-B8814C1195E7}"
EndProject
Project("{FAE04EC0-301F-11D3-BF4B-00C04F79EFBC}") = "Mp3PlayerUnitTest", "Mp3PlayerUnitTest\Mp3PlayerUnitTest.csproj", "{AE85C3D7-C2C5-4997-9DB1-7432DBA66651}"
EndProject
Global
	GlobalSection(SolutionConfigurationPlatforms) = preSolution
		Debug|Any CPU = Debug|Any CPU
		Debug|ARM = Debug|ARM
		Debug|x64 = Debug|x64
		Debug|x86 = Debug|x86
		Release|Any CPU = Release|Any CPU
		Release|ARM = Release|ARM
		Release|x64 = Release|x64
		Release|x86 = Release|x86
	EndGlobalSection
	GlobalSection(ProjectConfigurationPlatforms) = postSolution
		{9A9C1671-128C-480D-9059-B8814C1195E7}.Debug|Any CPU.ActiveCfg = Debug|Any CPU
		{9A9C1671-128C-480D-9059-B8814C1195E7}.Debug|Any CPU.Build.0 = Debug|Any CPU
		{9A9C1671-128C-480D-9059-B8814C1195E7}.Debug|ARM.ActiveCfg = Debug|Any CPU
		{9A9C1671-128C-480D-9059-B8814C1195E7}.Debug|ARM.Build.0 = Debug|Any CPU
		{9A9C1671-128C-480D-9059-B8814C1195E7}.Debug|x64.ActiveCfg = Debug|Any CPU
		{9A9C1671-128C-480D-9059-B8814C1195E7}.Debug|x64.Build.0 = Debug|Any CPU
		{9A9C1671-128C-480D-9059-B8814C1195E7}.Debug|x86.ActiveCfg = Debug|Any CPU
		{9A9C1671-128C-480D-9059-B8814C1195E7}.Debug|x86.Build.0 = Debug|Any CPU
		{9A9C1671-128C-480D-9059-B8814C1195E7}.Release|Any CPU.ActiveCfg = Release|Any CPU
		{9A9C1671-128C-480D-9059-B8814C1195E7}.Release|Any CPU.Build.0 = Release|Any CPU
		{9A9C1671-128C-480D-9059-B8814C1195E7}.Release|ARM.ActiveCfg = Release|Any CPU
		{9A9C1671-128C-480D-9059-B8814C1195E7}.Release|ARM.Build.0 = Release|Any CPU
		{9A9C1671-128C-480D-9059-B8814C1195E7}.Release|x64.ActiveCfg = Release|Any CPU
		{9A9C1671-128C-480D-9059-B8814C1195E7}.Release|x64.Build.0 = Release|Any CPU
		{9A9C1671-128C-480D-9059-B8814C1195E7}.Release|x86.ActiveCfg = Release|Any CPU
		{9A9C1671-128C-480D-9059-B8814C1195E7}.Release|x86.Build.0 = Release|Any CPU
		{AE85C3D7-C2C5-4997-9DB1-7432DBA66651}.Debug|Any CPU.ActiveCfg = Debug|Any CPU
		{AE85C3D7-C2C5-4997-9DB1-7432DBA66651}.Debug|Any CPU.Build.0 = Debug|Any CPU
		{AE85C3D7-C2C5-4997-9DB1-7432DBA66651}.Debug|ARM.ActiveCfg = Debug|Any CPU
		{AE85C3D7-C2C5-4997-9DB1-7432DBA66651}.Debug|ARM.Build.0 = Debug|Any CPU
		{AE85C3D7-C2C5-4997-9DB1-7432DBA66651}.Debug|x64.ActiveCfg = Debug|Any CPU
		{AE85C3D7-C2C5-4997-9DB1-7432DBA66651}.Debug|x64.Build.0 = Debug|Any CPU
		{AE85C3D7-C2C5-4997-9DB1-7432DBA66651}.Debug|x86.ActiveCfg = Debug|Any CPU
		{AE85C3D7-C2C5-4997-9DB1-7432DBA66651}.Debug|x86.Build.0 = Debug|Any CPU
		{AE85C3D7-C2C5-4997-9DB1-7432DBA66651}.Release|Any CPU.ActiveCfg = Release|Any CPU
		{AE85C3D7-C2C5-4997-9DB1-7432DBA66651}.Release|Any CPU.Build.0 = Release|Any CPU
		{AE85C3D7-C2C5-4997-9DB1-7432DBA66651}.Release|ARM.ActiveCfg = Release|Any CPU
		{AE85C3D7-C2C5-4997-9DB1-7432DBA66651}.Release|ARM.Build.0 = Release|Any CPU
		{AE85C3D7-C2C5-4997-9DB1-7432DBA66651}.Release|x64.ActiveCfg = Release|Any CPU
		{AE85C3D7-C2C5-4997-9DB1-7432DBA66651}.Release|x64.Build.0 = Release|Any CPU
		{AE85C3D7-C2C5-4997-9DB1-7432DBA66651}.Release|x86.ActiveCfg = Release|Any CPU
		{AE85C3D7-C2C5-4997-9DB1-7432DBA66651}.Release|x86.Build.0 = Release|Any CPU
	EndGlobalSection
	GlobalSection(SolutionProperties) = preSolution
		HideSolutionNode = FALSE
	EndGlobalSection
	GlobalSection(ExtensibilityGlobals) = postSolution
		SolutionGuid = {E4C68777-1D7B-4348-B694-2B9356C3C65A}
	EndGlobalSection
EndGlobal
